// !$*UTF8*$!
{
	archiveVersion = 1;
	classes = {
	};
	objectVersion = 46;
	objects = {

/* Begin PBXBuildFile section */
		50967A741A2CF843001258D3 /* BlockSequence.h in CopyFiles */ = {isa = PBXBuildFile; fileRef = 50967A731A2CF843001258D3 /* BlockSequence.h */; };
		50967A891A2CF8F0001258D3 /* MKHBlockSequence.m in Sources */ = {isa = PBXBuildFile; fileRef = 50967A881A2CF8F0001258D3 /* MKHBlockSequence.m */; };
/* End PBXBuildFile section */

/* Begin PBXCopyFilesBuildPhase section */
		50967A6E1A2CF843001258D3 /* CopyFiles */ = {
			isa = PBXCopyFilesBuildPhase;
			buildActionMask = 2147483647;
			dstPath = "include/$(PRODUCT_NAME)";
			dstSubfolderSpec = 16;
			files = (
				50967A741A2CF843001258D3 /* BlockSequence.h in CopyFiles */,
			);
			runOnlyForDeploymentPostprocessing = 0;
		};
/* End PBXCopyFilesBuildPhase section */

/* Begin PBXFileReference section */
		50967A701A2CF843001258D3 /* libBlockSequence.a */ = {isa = PBXFileReference; explicitFileType = archive.ar; includeInIndex = 0; path = libBlockSequence.a; sourceTree = BUILT_PRODUCTS_DIR; };
		50967A731A2CF843001258D3 /* BlockSequence.h */ = {isa = PBXFileReference; lastKnownFileType = sourcecode.c.h; path = BlockSequence.h; sourceTree = "<group>"; };
		50967A7B1A2CF844001258D3 /* BlockSequenceTests.xctest */ = {isa = PBXFileReference; explicitFileType = wrapper.cfbundle; includeInIndex = 0; path = BlockSequenceTests.xctest; sourceTree = BUILT_PRODUCTS_DIR; };
		50967A7E1A2CF844001258D3 /* Info.plist */ = {isa = PBXFileReference; lastKnownFileType = text.plist.xml; path = Info.plist; sourceTree = "<group>"; };
		50967A871A2CF8F0001258D3 /* MKHBlockSequence.h */ = {isa = PBXFileReference; fileEncoding = 4; lastKnownFileType = sourcecode.c.h; path = MKHBlockSequence.h; sourceTree = "<group>"; };
		50967A881A2CF8F0001258D3 /* MKHBlockSequence.m */ = {isa = PBXFileReference; fileEncoding = 4; lastKnownFileType = sourcecode.c.objc; path = MKHBlockSequence.m; sourceTree = "<group>"; };
/* End PBXFileReference section */

/* Begin PBXFrameworksBuildPhase section */
		50967A6D1A2CF843001258D3 /* Frameworks */ = {
			isa = PBXFrameworksBuildPhase;
			buildActionMask = 2147483647;
			files = (
			);
			runOnlyForDeploymentPostprocessing = 0;
		};
		50967A781A2CF844001258D3 /* Frameworks */ = {
			isa = PBXFrameworksBuildPhase;
			buildActionMask = 2147483647;
			files = (
			);
			runOnlyForDeploymentPostprocessing = 0;
		};
/* End PBXFrameworksBuildPhase section */

/* Begin PBXGroup section */
		50967A671A2CF843001258D3 = {
			isa = PBXGroup;
			children = (
				50967A721A2CF843001258D3 /* Src */,
				50967A7C1A2CF844001258D3 /* Tests */,
				50967A711A2CF843001258D3 /* Products */,
			);
			sourceTree = "<group>";
		};
		50967A711A2CF843001258D3 /* Products */ = {
			isa = PBXGroup;
			children = (
				50967A701A2CF843001258D3 /* libBlockSequence.a */,
				50967A7B1A2CF844001258D3 /* BlockSequenceTests.xctest */,
			);
			name = Products;
			sourceTree = "<group>";
		};
		50967A721A2CF843001258D3 /* Src */ = {
			isa = PBXGroup;
			children = (
				50967A731A2CF843001258D3 /* BlockSequence.h */,
				50967A871A2CF8F0001258D3 /* MKHBlockSequence.h */,
				50967A881A2CF8F0001258D3 /* MKHBlockSequence.m */,
			);
			path = Src;
			sourceTree = "<group>";
		};
		50967A7C1A2CF844001258D3 /* Tests */ = {
			isa = PBXGroup;
			children = (
				50967A7D1A2CF844001258D3 /* Supporting Files */,
			);
			path = Tests;
			sourceTree = "<group>";
		};
		50967A7D1A2CF844001258D3 /* Supporting Files */ = {
			isa = PBXGroup;
			children = (
				50967A7E1A2CF844001258D3 /* Info.plist */,
			);
			name = "Supporting Files";
			sourceTree = "<group>";
		};
/* End PBXGroup section */

/* Begin PBXNativeTarget section */
		50967A6F1A2CF843001258D3 /* BlockSequence */ = {
			isa = PBXNativeTarget;
			buildConfigurationList = 50967A811A2CF844001258D3 /* Build configuration list for PBXNativeTarget "BlockSequence" */;
			buildPhases = (
				50967A6C1A2CF843001258D3 /* Sources */,
				50967A6D1A2CF843001258D3 /* Frameworks */,
				50967A6E1A2CF843001258D3 /* CopyFiles */,
			);
			buildRules = (
			);
			dependencies = (
			);
			name = BlockSequence;
			productName = BlockSequence;
			productReference = 50967A701A2CF843001258D3 /* libBlockSequence.a */;
			productType = "com.apple.product-type.library.static";
		};
		50967A7A1A2CF844001258D3 /* BlockSequenceTests */ = {
			isa = PBXNativeTarget;
			buildConfigurationList = 50967A841A2CF844001258D3 /* Build configuration list for PBXNativeTarget "BlockSequenceTests" */;
			buildPhases = (
				50967A771A2CF844001258D3 /* Sources */,
				50967A781A2CF844001258D3 /* Frameworks */,
				50967A791A2CF844001258D3 /* Resources */,
			);
			buildRules = (
			);
			dependencies = (
			);
			name = BlockSequenceTests;
			productName = BlockSequenceTests;
			productReference = 50967A7B1A2CF844001258D3 /* BlockSequenceTests.xctest */;
			productType = "com.apple.product-type.bundle.unit-test";
		};
/* End PBXNativeTarget section */

/* Begin PBXProject section */
		50967A681A2CF843001258D3 /* Project object */ = {
			isa = PBXProject;
			attributes = {
				CLASSPREFIX = MKH;
				LastUpgradeCheck = 0600;
				ORGANIZATIONNAME = "Maxim Khatskevich";
				TargetAttributes = {
					50967A6F1A2CF843001258D3 = {
						CreatedOnToolsVersion = 6.0.1;
					};
					50967A7A1A2CF844001258D3 = {
						CreatedOnToolsVersion = 6.0.1;
					};
				};
			};
			buildConfigurationList = 50967A6B1A2CF843001258D3 /* Build configuration list for PBXProject "BlockSequence" */;
			compatibilityVersion = "Xcode 3.2";
			developmentRegion = English;
			hasScannedForEncodings = 0;
			knownRegions = (
				en,
			);
			mainGroup = 50967A671A2CF843001258D3;
			productRefGroup = 50967A711A2CF843001258D3 /* Products */;
			projectDirPath = "";
			projectRoot = "";
			targets = (
				50967A6F1A2CF843001258D3 /* BlockSequence */,
				50967A7A1A2CF844001258D3 /* BlockSequenceTests */,
			);
		};
/* End PBXProject section */

/* Begin PBXResourcesBuildPhase section */
		50967A791A2CF844001258D3 /* Resources */ = {
			isa = PBXResourcesBuildPhase;
			buildActionMask = 2147483647;
			files = (
			);
			runOnlyForDeploymentPostprocessing = 0;
		};
/* End PBXResourcesBuildPhase section */

/* Begin PBXSourcesBuildPhase section */
		50967A6C1A2CF843001258D3 /* Sources */ = {
			isa = PBXSourcesBuildPhase;
			buildActionMask = 2147483647;
			files = (
				50967A891A2CF8F0001258D3 /* MKHBlockSequence.m in Sources */,
			);
			runOnlyForDeploymentPostprocessing = 0;
		};
		50967A771A2CF844001258D3 /* Sources */ = {
			isa = PBXSourcesBuildPhase;
			buildActionMask = 2147483647;
			files = (
			);
			runOnlyForDeploymentPostprocessing = 0;
		};
/* End PBXSourcesBuildPhase section */

/* Begin XCBuildConfiguration section */
		50967A7F1A2CF844001258D3 /* Debug */ = {
			isa = XCBuildConfiguration;
			buildSettings = {
				ALWAYS_SEARCH_USER_PATHS = NO;
				CLANG_CXX_LANGUAGE_STANDARD = "gnu++0x";
				CLANG_CXX_LIBRARY = "libc++";
				CLANG_ENABLE_MODULES = YES;
				CLANG_ENABLE_OBJC_ARC = YES;
				CLANG_WARN_BOOL_CONVERSION = YES;
				CLANG_WARN_CONSTANT_CONVERSION = YES;
				CLANG_WARN_DIRECT_OBJC_ISA_USAGE = YES_ERROR;
				CLANG_WARN_EMPTY_BODY = YES;
				CLANG_WARN_ENUM_CONVERSION = YES;
				CLANG_WARN_INT_CONVERSION = YES;
				CLANG_WARN_OBJC_ROOT_CLASS = YES_ERROR;
				CLANG_WARN_UNREACHABLE_CODE = YES;
				CLANG_WARN__DUPLICATE_METHOD_MATCH = YES;
				COPY_PHASE_STRIP = NO;
				ENABLE_STRICT_OBJC_MSGSEND = YES;
				GCC_C_LANGUAGE_STANDARD = gnu99;
				GCC_DYNAMIC_NO_PIC = NO;
				GCC_OPTIMIZATION_LEVEL = 0;
				GCC_PREPROCESSOR_DEFINITIONS = (
					"DEBUG=1",
					"$(inherited)",
				);
				GCC_SYMBOLS_PRIVATE_EXTERN = NO;
				GCC_WARN_64_TO_32_BIT_CONVERSION = YES;
				GCC_WARN_ABOUT_RETURN_TYPE = YES_ERROR;
				GCC_WARN_UNDECLARED_SELECTOR = YES;
				GCC_WARN_UNINITIALIZED_AUTOS = YES_AGGRESSIVE;
				GCC_WARN_UNUSED_FUNCTION = YES;
				GCC_WARN_UNUSED_VARIABLE = YES;
				IPHONEOS_DEPLOYMENT_TARGET = 8.0;
				MTL_ENABLE_DEBUG_INFO = YES;
				ONLY_ACTIVE_ARCH = YES;
				SDKROOT = iphoneos;
			};
			name = Debug;
		};
		50967A801A2CF844001258D3 /* Release */ = {
			isa = XCBuildConfiguration;
			buildSettings = {
				ALWAYS_SEARCH_USER_PATHS = NO;
				CLANG_CXX_LANGUAGE_STANDARD = "gnu++0x";
				CLANG_CXX_LIBRARY = "libc++";
				CLANG_ENABLE_MODULES = YES;
				CLANG_ENABLE_OBJC_ARC = YES;
				CLANG_WARN_BOOL_CONVERSION = YES;
				CLANG_WARN_CONSTANT_CONVERSION = YES;
				CLANG_WARN_DIRECT_OBJC_ISA_USAGE = YES_ERROR;
				CLANG_WARN_EMPTY_BODY = YES;
				CLANG_WARN_ENUM_CONVERSION = YES;
				CLANG_WARN_INT_CONVERSION = YES;
				CLANG_WARN_OBJC_ROOT_CLASS = YES_ERROR;
				CLANG_WARN_UNREACHABLE_CODE = YES;
				CLANG_WARN__DUPLICATE_METHOD_MATCH = YES;
				COPY_PHASE_STRIP = YES;
				ENABLE_NS_ASSERTIONS = NO;
				ENABLE_STRICT_OBJC_MSGSEND = YES;
				GCC_C_LANGUAGE_STANDARD = gnu99;
				GCC_WARN_64_TO_32_BIT_CONVERSION = YES;
				GCC_WARN_ABOUT_RETURN_TYPE = YES_ERROR;
				GCC_WARN_UNDECLARED_SELECTOR = YES;
				GCC_WARN_UNINITIALIZED_AUTOS = YES_AGGRESSIVE;
				GCC_WARN_UNUSED_FUNCTION = YES;
				GCC_WARN_UNUSED_VARIABLE = YES;
				IPHONEOS_DEPLOYMENT_TARGET = 8.0;
				MTL_ENABLE_DEBUG_INFO = NO;
				SDKROOT = iphoneos;
				VALIDATE_PRODUCT = YES;
			};
			name = Release;
		};
		50967A821A2CF844001258D3 /* Debug */ = {
			isa = XCBuildConfiguration;
			buildSettings = {
				OTHER_LDFLAGS = "-ObjC";
				PRODUCT_NAME = "$(TARGET_NAME)";
				SKIP_INSTALL = YES;
			};
			name = Debug;
		};
		50967A831A2CF844001258D3 /* Release */ = {
			isa = XCBuildConfiguration;
			buildSettings = {
				OTHER_LDFLAGS = "-ObjC";
				PRODUCT_NAME = "$(TARGET_NAME)";
				SKIP_INSTALL = YES;
			};
			name = Release;
		};
		50967A851A2CF844001258D3 /* Debug */ = {
			isa = XCBuildConfiguration;
			buildSettings = {
				FRAMEWORK_SEARCH_PATHS = (
					"$(SDKROOT)/Developer/Library/Frameworks",
					"$(inherited)",
				);
				GCC_PREPROCESSOR_DEFINITIONS = (
					"DEBUG=1",
					"$(inherited)",
				);
				INFOPLIST_FILE = BlockSequenceTests/Info.plist;
				LD_RUNPATH_SEARCH_PATHS = "$(inherited) @executable_path/Frameworks @loader_path/Frameworks";
				PRODUCT_NAME = "$(TARGET_NAME)";
			};
			name = Debug;
		};
		50967A861A2CF844001258D3 /* Release */ = {
			isa = XCBuildConfiguration;
			buildSettings = {
				FRAMEWORK_SEARCH_PATHS = (
					"$(SDKROOT)/Developer/Library/Frameworks",
					"$(inherited)",
				);
				INFOPLIST_FILE = BlockSequenceTests/Info.plist;
				LD_RUNPATH_SEARCH_PATHS = "$(inherited) @executable_path/Frameworks @loader_path/Frameworks";
				PRODUCT_NAME = "$(TARGET_NAME)";
			};
			name = Release;
		};
/* End XCBuildConfiguration section */

/* Begin XCConfigurationList section */
		50967A6B1A2CF843001258D3 /* Build configuration list for PBXProject "BlockSequence" */ = {
			isa = XCConfigurationList;
			buildConfigurations = (
				50967A7F1A2CF844001258D3 /* Debug */,
				50967A801A2CF844001258D3 /* Release */,
			);
			defaultConfigurationIsVisible = 0;
			defaultConfigurationName = Release;
		};
		50967A811A2CF844001258D3 /* Build configuration list for PBXNativeTarget "BlockSequence" */ = {
			isa = XCConfigurationList;
			buildConfigurations = (
				50967A821A2CF844001258D3 /* Debug */,
				50967A831A2CF844001258D3 /* Release */,
			);
			defaultConfigurationIsVisible = 0;
		};
		50967A841A2CF844001258D3 /* Build configuration list for PBXNativeTarget "BlockSequenceTests" */ = {
			isa = XCConfigurationList;
			buildConfigurations = (
				50967A851A2CF844001258D3 /* Debug */,
				50967A861A2CF844001258D3 /* Release */,
			);
			defaultConfigurationIsVisible = 0;
		};
/* End XCConfigurationList section */
	};
	rootObject = 50967A681A2CF843001258D3 /* Project object */;
}
