// !$*UTF8*$!
{
	archiveVersion = 1;
	classes = {
	};
	objectVersion = 46;
	objects = {

/* Begin PBXBuildFile section */
		94BE2A2B1C8C327F0097D805 /* Main.swift in Sources */ = {isa = PBXBuildFile; fileRef = 94BE2A2A1C8C327F0097D805 /* Main.swift */; };
		94DC11471C07E92F00B0B0D8 /* MKHSequence.h in Headers */ = {isa = PBXBuildFile; fileRef = 94DC11461C07E92F00B0B0D8 /* MKHSequence.h */; settings = {ATTRIBUTES = (Public, ); }; };
		94DC114E1C07E92F00B0B0D8 /* MKHSequence.framework in Frameworks */ = {isa = PBXBuildFile; fileRef = 94DC11431C07E92F00B0B0D8 /* MKHSequence.framework */; };
		94DC11531C07E92F00B0B0D8 /* MKHSequenceTests.swift in Sources */ = {isa = PBXBuildFile; fileRef = 94DC11521C07E92F00B0B0D8 /* MKHSequenceTests.swift */; };
/* End PBXBuildFile section */

/* Begin PBXContainerItemProxy section */
		94DC114F1C07E92F00B0B0D8 /* PBXContainerItemProxy */ = {
			isa = PBXContainerItemProxy;
			containerPortal = 94DC113A1C07E92F00B0B0D8 /* Project object */;
			proxyType = 1;
			remoteGlobalIDString = 94DC11421C07E92F00B0B0D8;
			remoteInfo = MKHSequence;
		};
/* End PBXContainerItemProxy section */

/* Begin PBXFileReference section */
		94BE2A2A1C8C327F0097D805 /* Main.swift */ = {isa = PBXFileReference; fileEncoding = 4; lastKnownFileType = sourcecode.swift; path = Main.swift; sourceTree = "<group>"; };
		94DC11431C07E92F00B0B0D8 /* MKHSequence.framework */ = {isa = PBXFileReference; explicitFileType = wrapper.framework; includeInIndex = 0; path = MKHSequence.framework; sourceTree = BUILT_PRODUCTS_DIR; };
		94DC11461C07E92F00B0B0D8 /* MKHSequence.h */ = {isa = PBXFileReference; lastKnownFileType = sourcecode.c.h; path = MKHSequence.h; sourceTree = "<group>"; };
		94DC11481C07E92F00B0B0D8 /* Info.plist */ = {isa = PBXFileReference; lastKnownFileType = text.plist.xml; path = Info.plist; sourceTree = "<group>"; };
		94DC114D1C07E92F00B0B0D8 /* MKHSequenceTests.xctest */ = {isa = PBXFileReference; explicitFileType = wrapper.cfbundle; includeInIndex = 0; path = MKHSequenceTests.xctest; sourceTree = BUILT_PRODUCTS_DIR; };
		94DC11521C07E92F00B0B0D8 /* MKHSequenceTests.swift */ = {isa = PBXFileReference; lastKnownFileType = sourcecode.swift; path = MKHSequenceTests.swift; sourceTree = "<group>"; };
		94DC11541C07E92F00B0B0D8 /* Info.plist */ = {isa = PBXFileReference; lastKnownFileType = text.plist.xml; path = Info.plist; sourceTree = "<group>"; };
/* End PBXFileReference section */

/* Begin PBXFrameworksBuildPhase section */
		94DC113F1C07E92F00B0B0D8 /* Frameworks */ = {
			isa = PBXFrameworksBuildPhase;
			buildActionMask = 2147483647;
			files = (
			);
			runOnlyForDeploymentPostprocessing = 0;
		};
		94DC114A1C07E92F00B0B0D8 /* Frameworks */ = {
			isa = PBXFrameworksBuildPhase;
			buildActionMask = 2147483647;
			files = (
				94DC114E1C07E92F00B0B0D8 /* MKHSequence.framework in Frameworks */,
			);
			runOnlyForDeploymentPostprocessing = 0;
		};
/* End PBXFrameworksBuildPhase section */

/* Begin PBXGroup section */
		94BE2A291C8C327F0097D805 /* Common */ = {
			isa = PBXGroup;
			children = (
				94BE2A2A1C8C327F0097D805 /* Main.swift */,
			);
			name = Common;
			path = ../../../Src/Common;
			sourceTree = "<group>";
		};
		94DC11391C07E92F00B0B0D8 = {
			isa = PBXGroup;
			children = (
				94DC11451C07E92F00B0B0D8 /* MKHSequence */,
				94DC11511C07E92F00B0B0D8 /* MKHSequenceTests */,
				94DC11441C07E92F00B0B0D8 /* Products */,
			);
			sourceTree = "<group>";
		};
		94DC11441C07E92F00B0B0D8 /* Products */ = {
			isa = PBXGroup;
			children = (
				94DC11431C07E92F00B0B0D8 /* MKHSequence.framework */,
				94DC114D1C07E92F00B0B0D8 /* MKHSequenceTests.xctest */,
			);
			name = Products;
			sourceTree = "<group>";
		};
		94DC11451C07E92F00B0B0D8 /* MKHSequence */ = {
			isa = PBXGroup;
			children = (
				94DC11461C07E92F00B0B0D8 /* MKHSequence.h */,
				94DC11481C07E92F00B0B0D8 /* Info.plist */,
				94BE2A291C8C327F0097D805 /* Common */,
			);
			path = MKHSequence;
			sourceTree = "<group>";
		};
		94DC11511C07E92F00B0B0D8 /* MKHSequenceTests */ = {
			isa = PBXGroup;
			children = (
				94DC11521C07E92F00B0B0D8 /* MKHSequenceTests.swift */,
				94DC11541C07E92F00B0B0D8 /* Info.plist */,
			);
			path = MKHSequenceTests;
			sourceTree = "<group>";
		};
/* End PBXGroup section */

/* Begin PBXHeadersBuildPhase section */
		94DC11401C07E92F00B0B0D8 /* Headers */ = {
			isa = PBXHeadersBuildPhase;
			buildActionMask = 2147483647;
			files = (
				94DC11471C07E92F00B0B0D8 /* MKHSequence.h in Headers */,
			);
			runOnlyForDeploymentPostprocessing = 0;
		};
/* End PBXHeadersBuildPhase section */

/* Begin PBXNativeTarget section */
		94DC11421C07E92F00B0B0D8 /* MKHSequence */ = {
			isa = PBXNativeTarget;
			buildConfigurationList = 94DC11571C07E92F00B0B0D8 /* Build configuration list for PBXNativeTarget "MKHSequence" */;
			buildPhases = (
				94DC113E1C07E92F00B0B0D8 /* Sources */,
				94DC113F1C07E92F00B0B0D8 /* Frameworks */,
				94DC11401C07E92F00B0B0D8 /* Headers */,
				94DC11411C07E92F00B0B0D8 /* Resources */,
			);
			buildRules = (
			);
			dependencies = (
			);
			name = MKHSequence;
			productName = MKHSequence;
			productReference = 94DC11431C07E92F00B0B0D8 /* MKHSequence.framework */;
			productType = "com.apple.product-type.framework";
		};
		94DC114C1C07E92F00B0B0D8 /* MKHSequenceTests */ = {
			isa = PBXNativeTarget;
			buildConfigurationList = 94DC115A1C07E92F00B0B0D8 /* Build configuration list for PBXNativeTarget "MKHSequenceTests" */;
			buildPhases = (
				94DC11491C07E92F00B0B0D8 /* Sources */,
				94DC114A1C07E92F00B0B0D8 /* Frameworks */,
				94DC114B1C07E92F00B0B0D8 /* Resources */,
			);
			buildRules = (
			);
			dependencies = (
				94DC11501C07E92F00B0B0D8 /* PBXTargetDependency */,
			);
			name = MKHSequenceTests;
			productName = MKHSequenceTests;
			productReference = 94DC114D1C07E92F00B0B0D8 /* MKHSequenceTests.xctest */;
			productType = "com.apple.product-type.bundle.unit-test";
		};
/* End PBXNativeTarget section */

/* Begin PBXProject section */
		94DC113A1C07E92F00B0B0D8 /* Project object */ = {
			isa = PBXProject;
			attributes = {
				LastSwiftUpdateCheck = 0710;
				LastUpgradeCheck = 0710;
				ORGANIZATIONNAME = "Maxim Khatskevich";
				TargetAttributes = {
					94DC11421C07E92F00B0B0D8 = {
						CreatedOnToolsVersion = 7.1.1;
					};
					94DC114C1C07E92F00B0B0D8 = {
						CreatedOnToolsVersion = 7.1.1;
					};
				};
			};
			buildConfigurationList = 94DC113D1C07E92F00B0B0D8 /* Build configuration list for PBXProject "MKHSequence" */;
			compatibilityVersion = "Xcode 3.2";
			developmentRegion = English;
			hasScannedForEncodings = 0;
			knownRegions = (
				en,
			);
			mainGroup = 94DC11391C07E92F00B0B0D8;
			productRefGroup = 94DC11441C07E92F00B0B0D8 /* Products */;
			projectDirPath = "";
			projectRoot = "";
			targets = (
				94DC11421C07E92F00B0B0D8 /* MKHSequence */,
				94DC114C1C07E92F00B0B0D8 /* MKHSequenceTests */,
			);
		};
/* End PBXProject section */

/* Begin PBXResourcesBuildPhase section */
		94DC11411C07E92F00B0B0D8 /* Resources */ = {
			isa = PBXResourcesBuildPhase;
			buildActionMask = 2147483647;
			files = (
			);
			runOnlyForDeploymentPostprocessing = 0;
		};
		94DC114B1C07E92F00B0B0D8 /* Resources */ = {
			isa = PBXResourcesBuildPhase;
			buildActionMask = 2147483647;
			files = (
			);
			runOnlyForDeploymentPostprocessing = 0;
		};
/* End PBXResourcesBuildPhase section */

/* Begin PBXSourcesBuildPhase section */
		94DC113E1C07E92F00B0B0D8 /* Sources */ = {
			isa = PBXSourcesBuildPhase;
			buildActionMask = 2147483647;
			files = (
				94BE2A2B1C8C327F0097D805 /* Main.swift in Sources */,
			);
			runOnlyForDeploymentPostprocessing = 0;
		};
		94DC11491C07E92F00B0B0D8 /* Sources */ = {
			isa = PBXSourcesBuildPhase;
			buildActionMask = 2147483647;
			files = (
				94DC11531C07E92F00B0B0D8 /* MKHSequenceTests.swift in Sources */,
			);
			runOnlyForDeploymentPostprocessing = 0;
		};
/* End PBXSourcesBuildPhase section */

/* Begin PBXTargetDependency section */
		94DC11501C07E92F00B0B0D8 /* PBXTargetDependency */ = {
			isa = PBXTargetDependency;
			target = 94DC11421C07E92F00B0B0D8 /* MKHSequence */;
			targetProxy = 94DC114F1C07E92F00B0B0D8 /* PBXContainerItemProxy */;
		};
/* End PBXTargetDependency section */

/* Begin XCBuildConfiguration section */
		94DC11551C07E92F00B0B0D8 /* Debug */ = {
			isa = XCBuildConfiguration;
			buildSettings = {
				ALWAYS_SEARCH_USER_PATHS = NO;
				CLANG_CXX_LANGUAGE_STANDARD = "gnu++0x";
				CLANG_CXX_LIBRARY = "libc++";
				CLANG_ENABLE_MODULES = YES;
				CLANG_ENABLE_OBJC_ARC = YES;
				CLANG_WARN_BOOL_CONVERSION = YES;
				CLANG_WARN_CONSTANT_CONVERSION = YES;
				CLANG_WARN_DIRECT_OBJC_ISA_USAGE = YES_ERROR;
				CLANG_WARN_EMPTY_BODY = YES;
				CLANG_WARN_ENUM_CONVERSION = YES;
				CLANG_WARN_INT_CONVERSION = YES;
				CLANG_WARN_OBJC_ROOT_CLASS = YES_ERROR;
				CLANG_WARN_UNREACHABLE_CODE = YES;
				CLANG_WARN__DUPLICATE_METHOD_MATCH = YES;
				"CODE_SIGN_IDENTITY[sdk=iphoneos*]" = "iPhone Developer";
				COPY_PHASE_STRIP = NO;
				CURRENT_PROJECT_VERSION = 2.4.1.1;
				DEBUG_INFORMATION_FORMAT = dwarf;
				ENABLE_STRICT_OBJC_MSGSEND = YES;
				ENABLE_TESTABILITY = YES;
				GCC_C_LANGUAGE_STANDARD = gnu99;
				GCC_DYNAMIC_NO_PIC = NO;
				GCC_NO_COMMON_BLOCKS = YES;
				GCC_OPTIMIZATION_LEVEL = 0;
				GCC_PREPROCESSOR_DEFINITIONS = (
					"DEBUG=1",
					"$(inherited)",
				);
				GCC_WARN_64_TO_32_BIT_CONVERSION = YES;
				GCC_WARN_ABOUT_RETURN_TYPE = YES_ERROR;
				GCC_WARN_UNDECLARED_SELECTOR = YES;
				GCC_WARN_UNINITIALIZED_AUTOS = YES_AGGRESSIVE;
				GCC_WARN_UNUSED_FUNCTION = YES;
				GCC_WARN_UNUSED_VARIABLE = YES;
				IPHONEOS_DEPLOYMENT_TARGET = 9.0;
				MTL_ENABLE_DEBUG_INFO = YES;
				ONLY_ACTIVE_ARCH = YES;
				SDKROOT = iphoneos;
				SWIFT_OPTIMIZATION_LEVEL = "-Onone";
				TARGETED_DEVICE_FAMILY = "1,2";
				VERSIONING_SYSTEM = "apple-generic";
				VERSION_INFO_PREFIX = "";
			};
			name = Debug;
		};
		94DC11561C07E92F00B0B0D8 /* Release */ = {
			isa = XCBuildConfiguration;
			buildSettings = {
				ALWAYS_SEARCH_USER_PATHS = NO;
				CLANG_CXX_LANGUAGE_STANDARD = "gnu++0x";
				CLANG_CXX_LIBRARY = "libc++";
				CLANG_ENABLE_MODULES = YES;
				CLANG_ENABLE_OBJC_ARC = YES;
				CLANG_WARN_BOOL_CONVERSION = YES;
				CLANG_WARN_CONSTANT_CONVERSION = YES;
				CLANG_WARN_DIRECT_OBJC_ISA_USAGE = YES_ERROR;
				CLANG_WARN_EMPTY_BODY = YES;
				CLANG_WARN_ENUM_CONVERSION = YES;
				CLANG_WARN_INT_CONVERSION = YES;
				CLANG_WARN_OBJC_ROOT_CLASS = YES_ERROR;
				CLANG_WARN_UNREACHABLE_CODE = YES;
				CLANG_WARN__DUPLICATE_METHOD_MATCH = YES;
				"CODE_SIGN_IDENTITY[sdk=iphoneos*]" = "iPhone Developer";
				COPY_PHASE_STRIP = NO;
				CURRENT_PROJECT_VERSION = 2.4.1.1;
				DEBUG_INFORMATION_FORMAT = "dwarf-with-dsym";
				ENABLE_NS_ASSERTIONS = NO;
				ENABLE_STRICT_OBJC_MSGSEND = YES;
				GCC_C_LANGUAGE_STANDARD = gnu99;
				GCC_NO_COMMON_BLOCKS = YES;
				GCC_WARN_64_TO_32_BIT_CONVERSION = YES;
				GCC_WARN_ABOUT_RETURN_TYPE = YES_ERROR;
				GCC_WARN_UNDECLARED_SELECTOR = YES;
				GCC_WARN_UNINITIALIZED_AUTOS = YES_AGGRESSIVE;
				GCC_WARN_UNUSED_FUNCTION = YES;
				GCC_WARN_UNUSED_VARIABLE = YES;
				IPHONEOS_DEPLOYMENT_TARGET = 9.0;
				MTL_ENABLE_DEBUG_INFO = NO;
				SDKROOT = iphoneos;
				TARGETED_DEVICE_FAMILY = "1,2";
				VALIDATE_PRODUCT = YES;
				VERSIONING_SYSTEM = "apple-generic";
				VERSION_INFO_PREFIX = "";
			};
			name = Release;
		};
		94DC11581C07E92F00B0B0D8 /* Debug */ = {
			isa = XCBuildConfiguration;
			buildSettings = {
				CLANG_ENABLE_MODULES = YES;
				DEFINES_MODULE = YES;
				DYLIB_COMPATIBILITY_VERSION = 1;
				DYLIB_CURRENT_VERSION = 1;
				DYLIB_INSTALL_NAME_BASE = "@rpath";
				INFOPLIST_FILE = MKHSequence/Info.plist;
				INSTALL_PATH = "$(LOCAL_LIBRARY_DIR)/Frameworks";
				LD_RUNPATH_SEARCH_PATHS = "$(inherited) @executable_path/Frameworks @loader_path/Frameworks";
				PRODUCT_BUNDLE_IDENTIFIER = khatskevich.maxim.MKHSequence;
				PRODUCT_NAME = "$(TARGET_NAME)";
				SKIP_INSTALL = YES;
				SWIFT_OPTIMIZATION_LEVEL = "-Onone";
			};
			name = Debug;
		};
		94DC11591C07E92F00B0B0D8 /* Release */ = {
			isa = XCBuildConfiguration;
			buildSettings = {
				CLANG_ENABLE_MODULES = YES;
				DEFINES_MODULE = YES;
				DYLIB_COMPATIBILITY_VERSION = 1;
				DYLIB_CURRENT_VERSION = 1;
				DYLIB_INSTALL_NAME_BASE = "@rpath";
				INFOPLIST_FILE = MKHSequence/Info.plist;
				INSTALL_PATH = "$(LOCAL_LIBRARY_DIR)/Frameworks";
				LD_RUNPATH_SEARCH_PATHS = "$(inherited) @executable_path/Frameworks @loader_path/Frameworks";
				PRODUCT_BUNDLE_IDENTIFIER = khatskevich.maxim.MKHSequence;
				PRODUCT_NAME = "$(TARGET_NAME)";
				SKIP_INSTALL = YES;
			};
			name = Release;
		};
		94DC115B1C07E92F00B0B0D8 /* Debug */ = {
			isa = XCBuildConfiguration;
			buildSettings = {
				INFOPLIST_FILE = MKHSequenceTests/Info.plist;
				LD_RUNPATH_SEARCH_PATHS = "$(inherited) @executable_path/Frameworks @loader_path/Frameworks";
				PRODUCT_BUNDLE_IDENTIFIER = khatskevich.maxim.MKHSequenceTests;
				PRODUCT_NAME = "$(TARGET_NAME)";
			};
			name = Debug;
		};
		94DC115C1C07E92F00B0B0D8 /* Release */ = {
			isa = XCBuildConfiguration;
			buildSettings = {
				INFOPLIST_FILE = MKHSequenceTests/Info.plist;
				LD_RUNPATH_SEARCH_PATHS = "$(inherited) @executable_path/Frameworks @loader_path/Frameworks";
				PRODUCT_BUNDLE_IDENTIFIER = khatskevich.maxim.MKHSequenceTests;
				PRODUCT_NAME = "$(TARGET_NAME)";
			};
			name = Release;
		};
/* End XCBuildConfiguration section */

/* Begin XCConfigurationList section */
		94DC113D1C07E92F00B0B0D8 /* Build configuration list for PBXProject "MKHSequence" */ = {
			isa = XCConfigurationList;
			buildConfigurations = (
				94DC11551C07E92F00B0B0D8 /* Debug */,
				94DC11561C07E92F00B0B0D8 /* Release */,
			);
			defaultConfigurationIsVisible = 0;
			defaultConfigurationName = Release;
		};
		94DC11571C07E92F00B0B0D8 /* Build configuration list for PBXNativeTarget "MKHSequence" */ = {
			isa = XCConfigurationList;
			buildConfigurations = (
				94DC11581C07E92F00B0B0D8 /* Debug */,
				94DC11591C07E92F00B0B0D8 /* Release */,
			);
			defaultConfigurationIsVisible = 0;
			defaultConfigurationName = Release;
		};
		94DC115A1C07E92F00B0B0D8 /* Build configuration list for PBXNativeTarget "MKHSequenceTests" */ = {
			isa = XCConfigurationList;
			buildConfigurations = (
				94DC115B1C07E92F00B0B0D8 /* Debug */,
				94DC115C1C07E92F00B0B0D8 /* Release */,
			);
			defaultConfigurationIsVisible = 0;
			defaultConfigurationName = Release;
		};
/* End XCConfigurationList section */
	};
	rootObject = 94DC113A1C07E92F00B0B0D8 /* Project object */;
}
