// !$*UTF8*$!
{
	archiveVersion = 1;
	classes = {
	};
	objectVersion = 46;
	objects = {

/* Begin PBXBuildFile section */
		357509F4E0DBDF2F2E5A1B42 /* UIKit.framework in Frameworks */ = {isa = PBXBuildFile; fileRef = AED0DC8CFC57CB8E6DBD7AD0 /* UIKit.framework */; };
		3B3F881C703C0BDAD2A950AD /* MKHSequenceTests.swift in Sources */ = {isa = PBXBuildFile; fileRef = 7AC146DA5D8E9EF6A626220F /* MKHSequenceTests.swift */; };
		B72AD967A90EEF2F86FD178E /* Foundation.framework in Frameworks */ = {isa = PBXBuildFile; fileRef = 49678B888FBCF89E812F3DED /* Foundation.framework */; };
		BA3167A197B0953AAFBC614E /* Sequence.swift in Sources */ = {isa = PBXBuildFile; fileRef = B72B7BA2066E2903685EB5CC /* Sequence.swift */; };
		FC026756F11EE301F29251E8 /* UIKit.framework in Frameworks */ = {isa = PBXBuildFile; fileRef = AED0DC8CFC57CB8E6DBD7AD0 /* UIKit.framework */; };
		FC3852D027506DCECC9E7AA3 /* Foundation.framework in Frameworks */ = {isa = PBXBuildFile; fileRef = 49678B888FBCF89E812F3DED /* Foundation.framework */; };
/* End PBXBuildFile section */

/* Begin PBXFileReference section */
		1797D17812D1F64E058F50DC /* MKHSequence.h */ = {isa = PBXFileReference; includeInIndex = 1; lastKnownFileType = sourcecode.c.h; path = MKHSequence.h; sourceTree = "<group>"; };
		49678B888FBCF89E812F3DED /* Foundation.framework */ = {isa = PBXFileReference; lastKnownFileType = wrapper.framework; name = Foundation.framework; path = Platforms/iPhoneOS.platform/Developer/SDKs/iPhoneOS9.3.sdk/System/Library/Frameworks/Foundation.framework; sourceTree = DEVELOPER_DIR; };
		7AC146DA5D8E9EF6A626220F /* MKHSequenceTests.swift */ = {isa = PBXFileReference; includeInIndex = 1; lastKnownFileType = sourcecode.swift; path = MKHSequenceTests.swift; sourceTree = "<group>"; };
		AED0DC8CFC57CB8E6DBD7AD0 /* UIKit.framework */ = {isa = PBXFileReference; lastKnownFileType = wrapper.framework; name = UIKit.framework; path = Platforms/iPhoneOS.platform/Developer/SDKs/iPhoneOS9.3.sdk/System/Library/Frameworks/UIKit.framework; sourceTree = DEVELOPER_DIR; };
		B601D83420BF3505499C67F7 /* MKHSequenceTst.xctest */ = {isa = PBXFileReference; explicitFileType = wrapper.cfbundle; includeInIndex = 0; path = MKHSequenceTst.xctest; sourceTree = BUILT_PRODUCTS_DIR; };
		B72B7BA2066E2903685EB5CC /* Sequence.swift */ = {isa = PBXFileReference; includeInIndex = 1; lastKnownFileType = sourcecode.swift; path = Sequence.swift; sourceTree = "<group>"; };
		C49DF42BABD127CEC0E63DFC /* MKHSequence. */ = {isa = PBXFileReference; includeInIndex = 0; lastKnownFileType = wrapper.framework; name = MKHSequence.; path = MKHSequence.framework; sourceTree = BUILT_PRODUCTS_DIR; };
/* End PBXFileReference section */

/* Begin PBXFrameworksBuildPhase section */
		D3F8BA6FDAFFC5E0CFAE6F57 /* Frameworks */ = {
			isa = PBXFrameworksBuildPhase;
			buildActionMask = 2147483647;
			files = (
				B72AD967A90EEF2F86FD178E /* Foundation.framework in Frameworks */,
				FC026756F11EE301F29251E8 /* UIKit.framework in Frameworks */,
			);
			runOnlyForDeploymentPostprocessing = 0;
		};
		F9AB773AD34D6D3B14177969 /* Frameworks */ = {
			isa = PBXFrameworksBuildPhase;
			buildActionMask = 2147483647;
			files = (
				FC3852D027506DCECC9E7AA3 /* Foundation.framework in Frameworks */,
				357509F4E0DBDF2F2E5A1B42 /* UIKit.framework in Frameworks */,
			);
			runOnlyForDeploymentPostprocessing = 0;
		};
/* End PBXFrameworksBuildPhase section */

/* Begin PBXGroup section */
		18A0EBE2E6E790D81BE354AF /* Frameworks */ = {
			isa = PBXGroup;
			children = (
				376AAA678891A40169CD13B1 /* iOS */,
			);
			name = Frameworks;
			sourceTree = "<group>";
		};
		376AAA678891A40169CD13B1 /* iOS */ = {
			isa = PBXGroup;
			children = (
				49678B888FBCF89E812F3DED /* Foundation.framework */,
				AED0DC8CFC57CB8E6DBD7AD0 /* UIKit.framework */,
			);
			name = iOS;
			sourceTree = "<group>";
		};
		5C9A3AB0349F85FE9842840B /* Products */ = {
			isa = PBXGroup;
			children = (
				B601D83420BF3505499C67F7 /* MKHSequenceTst.xctest */,
				C49DF42BABD127CEC0E63DFC /* MKHSequence. */,
			);
			name = Products;
			sourceTree = "<group>";
		};
		78EEA5CD1631A3A402DD95D8 = {
			isa = PBXGroup;
			children = (
				5C9A3AB0349F85FE9842840B /* Products */,
				D93B4EDB2FC63EB22836D793 /* Tst */,
				84BED3225DF094590B680235 /* Src */,
				99F76859261B052BAC8358D3 /* Src-Extra */,
				18A0EBE2E6E790D81BE354AF /* Frameworks */,
			);
			sourceTree = "<group>";
		};
		84BED3225DF094590B680235 /* Src */ = {
			isa = PBXGroup;
			children = (
				BBE0A85964BDE312DE11B449 /* Common */,
			);
			path = Src;
			sourceTree = "<group>";
		};
		99F76859261B052BAC8358D3 /* Src-Extra */ = {
			isa = PBXGroup;
			children = (
				1797D17812D1F64E058F50DC /* MKHSequence.h */,
			);
			path = "Src-Extra";
			sourceTree = "<group>";
		};
		BBE0A85964BDE312DE11B449 /* Common */ = {
			isa = PBXGroup;
			children = (
				B72B7BA2066E2903685EB5CC /* Sequence.swift */,
			);
			path = Common;
			sourceTree = "<group>";
		};
		D93B4EDB2FC63EB22836D793 /* Tst */ = {
			isa = PBXGroup;
			children = (
				7AC146DA5D8E9EF6A626220F /* MKHSequenceTests.swift */,
			);
			path = Tst;
			sourceTree = "<group>";
		};
/* End PBXGroup section */

/* Begin PBXNativeTarget section */
		1467B86E4D5E7264BFD32463 /* MKHSequence */ = {
			isa = PBXNativeTarget;
			buildConfigurationList = 252ADE49042432A5332A18A3 /* Build configuration list for PBXNativeTarget "MKHSequence" */;
			buildPhases = (
				CE700469B726035A161BC3BB /* Sources */,
				D3F8BA6FDAFFC5E0CFAE6F57 /* Frameworks */,
			);
			buildRules = (
			);
			dependencies = (
			);
			name = MKHSequence;
			productName = MKHSequence;
			productReference = C49DF42BABD127CEC0E63DFC /* MKHSequence. */;
			productType = "com.apple.product-type.framework";
		};
		9A2BB0ECCAEDBF3286A00269 /* MKHSequenceTst */ = {
			isa = PBXNativeTarget;
			buildConfigurationList = C8D170CFCF9650C12F07778B /* Build configuration list for PBXNativeTarget "MKHSequenceTst" */;
			buildPhases = (
				1D5564643E5DE1BB4364A9F7 /* Sources */,
				F9AB773AD34D6D3B14177969 /* Frameworks */,
			);
			buildRules = (
			);
			dependencies = (
			);
			name = MKHSequenceTst;
			productName = MKHSequenceTst;
			productReference = B601D83420BF3505499C67F7 /* MKHSequenceTst.xctest */;
			productType = "com.apple.product-type.bundle.unit-test";
		};
/* End PBXNativeTarget section */

/* Begin PBXProject section */
		B190B757C11E8260D8CF91F8 /* Project object */ = {
			isa = PBXProject;
			attributes = {
				CLASSPREFIX = SEQ;
				LastSwiftUpdateCheck = 0730;
				LastUpgradeCheck = 0700;
				ORGANIZATIONNAME = "Maxim Khatskevich";
			};
			buildConfigurationList = 20C067C843F882B8C984DC62 /* Build configuration list for PBXProject "MKHSequence" */;
			compatibilityVersion = "Xcode 3.2";
			developmentRegion = English;
			hasScannedForEncodings = 0;
			knownRegions = (
				en,
			);
			mainGroup = 78EEA5CD1631A3A402DD95D8;
			productRefGroup = 5C9A3AB0349F85FE9842840B /* Products */;
			projectDirPath = "";
			projectRoot = "";
			targets = (
				9A2BB0ECCAEDBF3286A00269 /* MKHSequenceTst */,
				1467B86E4D5E7264BFD32463 /* MKHSequence */,
			);
		};
/* End PBXProject section */

/* Begin PBXSourcesBuildPhase section */
		1D5564643E5DE1BB4364A9F7 /* Sources */ = {
			isa = PBXSourcesBuildPhase;
			buildActionMask = 2147483647;
			files = (
				3B3F881C703C0BDAD2A950AD /* MKHSequenceTests.swift in Sources */,
			);
			runOnlyForDeploymentPostprocessing = 0;
		};
		CE700469B726035A161BC3BB /* Sources */ = {
			isa = PBXSourcesBuildPhase;
			buildActionMask = 2147483647;
			files = (
				BA3167A197B0953AAFBC614E /* Sequence.swift in Sources */,
			);
			runOnlyForDeploymentPostprocessing = 0;
		};
/* End PBXSourcesBuildPhase section */

/* Begin XCBuildConfiguration section */
		01C1DE3BAAE24F8942CB20BE /* Release */ = {
			isa = XCBuildConfiguration;
			buildSettings = {
				ALWAYS_SEARCH_USER_PATHS = NO;
				CLANG_ANALYZER_NONNULL = YES;
				CLANG_CXX_LANGUAGE_STANDARD = "gnu++0x";
				CLANG_CXX_LIBRARY = "libc++";
				CLANG_ENABLE_MODULES = YES;
				CLANG_ENABLE_OBJC_ARC = YES;
				CLANG_WARN_BOOL_CONVERSION = YES;
				CLANG_WARN_CONSTANT_CONVERSION = YES;
				CLANG_WARN_DIRECT_OBJC_ISA_USAGE = YES_ERROR;
				CLANG_WARN_EMPTY_BODY = YES;
				CLANG_WARN_ENUM_CONVERSION = YES;
				CLANG_WARN_INFINITE_RECURSION = YES;
				CLANG_WARN_INT_CONVERSION = YES;
				CLANG_WARN_OBJC_ROOT_CLASS = YES_ERROR;
				CLANG_WARN_SUSPICIOUS_MOVE = YES;
				CLANG_WARN_UNREACHABLE_CODE = YES;
				CLANG_WARN__DUPLICATE_METHOD_MATCH = YES;
				"CODE_SIGN_IDENTITY[sdk=iphoneos*]" = "iPhone Developer";
				COPY_PHASE_STRIP = YES;
				CURRENT_PROJECT_VERSION = 1;
				DEBUG_INFORMATION_FORMAT = "dwarf-with-dsym";
				ENABLE_NS_ASSERTIONS = NO;
				ENABLE_STRICT_OBJC_MSGSEND = YES;
				GCC_C_LANGUAGE_STANDARD = gnu99;
				GCC_NO_COMMON_BLOCKS = YES;
				GCC_WARN_64_TO_32_BIT_CONVERSION = YES;
				GCC_WARN_ABOUT_RETURN_TYPE = YES_ERROR;
				GCC_WARN_UNDECLARED_SELECTOR = YES;
				GCC_WARN_UNINITIALIZED_AUTOS = YES_AGGRESSIVE;
				GCC_WARN_UNUSED_FUNCTION = YES;
				GCC_WARN_UNUSED_VARIABLE = YES;
				IPHONEOS_DEPLOYMENT_TARGET = 8.4;
				SDKROOT = iphoneos;
				SWIFT_OPTIMIZATION_LEVEL = "-Owholemodule";
				TARGETED_DEVICE_FAMILY = "1,2";
				VALIDATE_PRODUCT = YES;
				VERSIONING_SYSTEM = "apple-generic";
			};
			name = Release;
		};
		5A3A43A7C24BD4916254C805 /* Release */ = {
			isa = XCBuildConfiguration;
			buildSettings = {
				"CODE_SIGN_IDENTITY[sdk=iphoneos*]" = "";
				CURRENT_PROJECT_VERSION = 1;
				DEBUG_INFORMATION_FORMAT = "dwarf-with-dsym";
				DEFINES_MODULE = YES;
				DYLIB_COMPATIBILITY_VERSION = 1;
				DYLIB_CURRENT_VERSION = 1;
				DYLIB_INSTALL_NAME_BASE = "@rpath";
				ENABLE_STRICT_OBJC_MSGSEND = YES;
				GCC_NO_COMMON_BLOCKS = YES;
				INFOPLIST_FILE = Info/MKHSequence.plist;
				INSTALL_PATH = "$(LOCAL_LIBRARY_DIR)/Frameworks";
				IPHONEOS_DEPLOYMENT_TARGET = 8.4;
				LD_RUNPATH_SEARCH_PATHS = "$(inherited) @executable_path/Frameworks @loader_path/Frameworks";
				MTL_ENABLE_DEBUG_INFO = NO;
				PRODUCT_BUNDLE_IDENTIFIER = khatskevich.maxim.MKHSequence;
				PRODUCT_NAME = "$(TARGET_NAME)";
				SDKROOT = iphoneos;
				SKIP_INSTALL = YES;
				SWIFT_VERSION = 3;
				TARGETED_DEVICE_FAMILY = "1,2";
				VERSIONING_SYSTEM = "apple-generic";
				VERSION_INFO_PREFIX = "";
			};
			name = Release;
		};
		BE443BC833222B0283FE723F /* Debug */ = {
			isa = XCBuildConfiguration;
			buildSettings = {
				ALWAYS_SEARCH_USER_PATHS = NO;
				CLANG_ANALYZER_NONNULL = YES;
				CLANG_CXX_LANGUAGE_STANDARD = "gnu++0x";
				CLANG_CXX_LIBRARY = "libc++";
				CLANG_ENABLE_MODULES = YES;
				CLANG_ENABLE_OBJC_ARC = YES;
				CLANG_WARN_BOOL_CONVERSION = YES;
				CLANG_WARN_CONSTANT_CONVERSION = YES;
				CLANG_WARN_DIRECT_OBJC_ISA_USAGE = YES_ERROR;
				CLANG_WARN_EMPTY_BODY = YES;
				CLANG_WARN_ENUM_CONVERSION = YES;
				CLANG_WARN_INFINITE_RECURSION = YES;
				CLANG_WARN_INT_CONVERSION = YES;
				CLANG_WARN_OBJC_ROOT_CLASS = YES_ERROR;
				CLANG_WARN_SUSPICIOUS_MOVE = YES;
				CLANG_WARN_UNREACHABLE_CODE = YES;
				CLANG_WARN__DUPLICATE_METHOD_MATCH = YES;
				"CODE_SIGN_IDENTITY[sdk=iphoneos*]" = "iPhone Developer";
				COPY_PHASE_STRIP = NO;
				CURRENT_PROJECT_VERSION = 1;
				DEBUG_INFORMATION_FORMAT = dwarf;
				ENABLE_STRICT_OBJC_MSGSEND = YES;
				ENABLE_TESTABILITY = YES;
				GCC_C_LANGUAGE_STANDARD = gnu99;
				GCC_DYNAMIC_NO_PIC = NO;
				GCC_NO_COMMON_BLOCKS = YES;
				GCC_OPTIMIZATION_LEVEL = 0;
				GCC_PREPROCESSOR_DEFINITIONS = (
					"DEBUG=1",
					"$(inherited)",
				);
				GCC_SYMBOLS_PRIVATE_EXTERN = NO;
				GCC_WARN_64_TO_32_BIT_CONVERSION = YES;
				GCC_WARN_ABOUT_RETURN_TYPE = YES_ERROR;
				GCC_WARN_UNDECLARED_SELECTOR = YES;
				GCC_WARN_UNINITIALIZED_AUTOS = YES_AGGRESSIVE;
				GCC_WARN_UNUSED_FUNCTION = YES;
				GCC_WARN_UNUSED_VARIABLE = YES;
				IPHONEOS_DEPLOYMENT_TARGET = 8.4;
				ONLY_ACTIVE_ARCH = YES;
				SDKROOT = iphoneos;
				SWIFT_OPTIMIZATION_LEVEL = "-Onone";
				TARGETED_DEVICE_FAMILY = "1,2";
				VERSIONING_SYSTEM = "apple-generic";
			};
			name = Debug;
		};
		C3D4578A3C99D039D1F46A69 /* Debug */ = {
			isa = XCBuildConfiguration;
			buildSettings = {
				DEBUG_INFORMATION_FORMAT = dwarf;
				ENABLE_STRICT_OBJC_MSGSEND = YES;
				GCC_NO_COMMON_BLOCKS = YES;
				INFOPLIST_FILE = Info/MKHSequenceTst.plist;
				IPHONEOS_DEPLOYMENT_TARGET = 8.4;
				LD_RUNPATH_SEARCH_PATHS = "$(inherited) @executable_path/Frameworks @loader_path/Frameworks";
				MTL_ENABLE_DEBUG_INFO = YES;
				PRODUCT_BUNDLE_IDENTIFIER = khatskevich.maxim.MKHSequenceTst;
				PRODUCT_NAME = "$(TARGET_NAME)";
				SDKROOT = iphoneos;
				SWIFT_OPTIMIZATION_LEVEL = "-Onone";
				SWIFT_VERSION = 3;
			};
			name = Debug;
		};
		D68DFD8FC7C4FE082CD847E9 /* Release */ = {
			isa = XCBuildConfiguration;
			buildSettings = {
				DEBUG_INFORMATION_FORMAT = "dwarf-with-dsym";
				ENABLE_STRICT_OBJC_MSGSEND = YES;
				GCC_NO_COMMON_BLOCKS = YES;
				INFOPLIST_FILE = Info/MKHSequenceTst.plist;
				IPHONEOS_DEPLOYMENT_TARGET = 8.4;
				LD_RUNPATH_SEARCH_PATHS = "$(inherited) @executable_path/Frameworks @loader_path/Frameworks";
				MTL_ENABLE_DEBUG_INFO = NO;
				PRODUCT_BUNDLE_IDENTIFIER = khatskevich.maxim.MKHSequenceTst;
				PRODUCT_NAME = "$(TARGET_NAME)";
				SDKROOT = iphoneos;
				SWIFT_VERSION = 3;
			};
			name = Release;
		};
		E512DEE8CED5CA10917DD97B /* Debug */ = {
			isa = XCBuildConfiguration;
			buildSettings = {
				"CODE_SIGN_IDENTITY[sdk=iphoneos*]" = "";
				CURRENT_PROJECT_VERSION = 1;
				DEBUG_INFORMATION_FORMAT = dwarf;
				DEFINES_MODULE = YES;
				DYLIB_COMPATIBILITY_VERSION = 1;
				DYLIB_CURRENT_VERSION = 1;
				DYLIB_INSTALL_NAME_BASE = "@rpath";
				ENABLE_STRICT_OBJC_MSGSEND = YES;
				GCC_NO_COMMON_BLOCKS = YES;
				INFOPLIST_FILE = Info/MKHSequence.plist;
				INSTALL_PATH = "$(LOCAL_LIBRARY_DIR)/Frameworks";
				IPHONEOS_DEPLOYMENT_TARGET = 8.4;
				LD_RUNPATH_SEARCH_PATHS = "$(inherited) @executable_path/Frameworks @loader_path/Frameworks";
				MTL_ENABLE_DEBUG_INFO = YES;
				PRODUCT_BUNDLE_IDENTIFIER = khatskevich.maxim.MKHSequence;
				PRODUCT_NAME = "$(TARGET_NAME)";
				SDKROOT = iphoneos;
				SKIP_INSTALL = YES;
				SWIFT_OPTIMIZATION_LEVEL = "-Onone";
				SWIFT_VERSION = 3;
				TARGETED_DEVICE_FAMILY = "1,2";
				VERSIONING_SYSTEM = "apple-generic";
				VERSION_INFO_PREFIX = "";
			};
			name = Debug;
		};
/* End XCBuildConfiguration section */

/* Begin XCConfigurationList section */
		20C067C843F882B8C984DC62 /* Build configuration list for PBXProject "MKHSequence" */ = {
			isa = XCConfigurationList;
			buildConfigurations = (
				BE443BC833222B0283FE723F /* Debug */,
				01C1DE3BAAE24F8942CB20BE /* Release */,
			);
			defaultConfigurationIsVisible = 0;
			defaultConfigurationName = Release;
		};
		252ADE49042432A5332A18A3 /* Build configuration list for PBXNativeTarget "MKHSequence" */ = {
			isa = XCConfigurationList;
			buildConfigurations = (
				E512DEE8CED5CA10917DD97B /* Debug */,
				5A3A43A7C24BD4916254C805 /* Release */,
			);
			defaultConfigurationIsVisible = 0;
			defaultConfigurationName = Release;
		};
		C8D170CFCF9650C12F07778B /* Build configuration list for PBXNativeTarget "MKHSequenceTst" */ = {
			isa = XCConfigurationList;
			buildConfigurations = (
				C3D4578A3C99D039D1F46A69 /* Debug */,
				D68DFD8FC7C4FE082CD847E9 /* Release */,
			);
			defaultConfigurationIsVisible = 0;
			defaultConfigurationName = Release;
		};
/* End XCConfigurationList section */
	};
	rootObject = B190B757C11E8260D8CF91F8 /* Project object */;
}
